// !$*UTF8*$!
{
	archiveVersion = 1;
	classes = {
	};
	objectVersion = 50;
	objects = {

/* Begin PBXBuildFile section */
		4EC5EE6223614314004EAD91 /* AppDelegate.swift in Sources */ = {isa = PBXBuildFile; fileRef = 4EC5EE6123614314004EAD91 /* AppDelegate.swift */; };
		4EC5EE6423614314004EAD91 /* SceneDelegate.swift in Sources */ = {isa = PBXBuildFile; fileRef = 4EC5EE6323614314004EAD91 /* SceneDelegate.swift */; };
		4EC5EE6623614314004EAD91 /* ViewController.swift in Sources */ = {isa = PBXBuildFile; fileRef = 4EC5EE6523614314004EAD91 /* ViewController.swift */; };
		4EC5EE6923614314004EAD91 /* Main.storyboard in Resources */ = {isa = PBXBuildFile; fileRef = 4EC5EE6723614314004EAD91 /* Main.storyboard */; };
		4EC5EE6B23614315004EAD91 /* Assets.xcassets in Resources */ = {isa = PBXBuildFile; fileRef = 4EC5EE6A23614315004EAD91 /* Assets.xcassets */; };
		4EC5EE6E23614315004EAD91 /* LaunchScreen.storyboard in Resources */ = {isa = PBXBuildFile; fileRef = 4EC5EE6C23614315004EAD91 /* LaunchScreen.storyboard */; };
		4EC5EE7923614315004EAD91 /* _8_________Tests.swift in Sources */ = {isa = PBXBuildFile; fileRef = 4EC5EE7823614315004EAD91 /* _8_________Tests.swift */; };
		4EC5EE8423614315004EAD91 /* _8_________UITests.swift in Sources */ = {isa = PBXBuildFile; fileRef = 4EC5EE8323614315004EAD91 /* _8_________UITests.swift */; };
		4EC5EEDC23617D1B004EAD91 /* EmoticaonController.swift in Sources */ = {isa = PBXBuildFile; fileRef = 4EC5EED323617D1A004EAD91 /* EmoticaonController.swift */; };
		4EC5EEDD23617D1B004EAD91 /* EmoticonAttachment.swift in Sources */ = {isa = PBXBuildFile; fileRef = 4EC5EED423617D1A004EAD91 /* EmoticonAttachment.swift */; };
		4EC5EEDE23617D1B004EAD91 /* EmoticonViewCell.swift in Sources */ = {isa = PBXBuildFile; fileRef = 4EC5EED523617D1A004EAD91 /* EmoticonViewCell.swift */; };
		4EC5EEDF23617D1B004EAD91 /* Emoticon.swift in Sources */ = {isa = PBXBuildFile; fileRef = 4EC5EED723617D1A004EAD91 /* Emoticon.swift */; };
		4EC5EEE023617D1B004EAD91 /* EmoticonPackage.swift in Sources */ = {isa = PBXBuildFile; fileRef = 4EC5EED823617D1A004EAD91 /* EmoticonPackage.swift */; };
		4EC5EEE123617D1B004EAD91 /* Emoticons.bundle in Resources */ = {isa = PBXBuildFile; fileRef = 4EC5EED923617D1A004EAD91 /* Emoticons.bundle */; };
		4EC5EEE223617D1B004EAD91 /* EmoticonManager.swift in Sources */ = {isa = PBXBuildFile; fileRef = 4EC5EEDA23617D1A004EAD91 /* EmoticonManager.swift */; };
		4EC5EEE323617D1B004EAD91 /* UITextView+Extension.swift in Sources */ = {isa = PBXBuildFile; fileRef = 4EC5EEDB23617D1A004EAD91 /* UITextView+Extension.swift */; };
		4EC5EEE523618552004EAD91 /* FindEmoticon.swift in Sources */ = {isa = PBXBuildFile; fileRef = 4EC5EEE423618552004EAD91 /* FindEmoticon.swift */; };
/* End PBXBuildFile section */

/* Begin PBXContainerItemProxy section */
		4EC5EE7523614315004EAD91 /* PBXContainerItemProxy */ = {
			isa = PBXContainerItemProxy;
			containerPortal = 4EC5EE5623614314004EAD91 /* Project object */;
			proxyType = 1;
			remoteGlobalIDString = 4EC5EE5D23614314004EAD91;
			remoteInfo = "08-正则表达式的学习";
		};
		4EC5EE8023614315004EAD91 /* PBXContainerItemProxy */ = {
			isa = PBXContainerItemProxy;
			containerPortal = 4EC5EE5623614314004EAD91 /* Project object */;
			proxyType = 1;
			remoteGlobalIDString = 4EC5EE5D23614314004EAD91;
			remoteInfo = "08-正则表达式的学习";
		};
/* End PBXContainerItemProxy section */

/* Begin PBXFileReference section */
		4EC5EE5E23614314004EAD91 /* 08-正则表达式的学习.app */ = {isa = PBXFileReference; explicitFileType = wrapper.application; includeInIndex = 0; path = "08-正则表达式的学习.app"; sourceTree = BUILT_PRODUCTS_DIR; };
		4EC5EE6123614314004EAD91 /* AppDelegate.swift */ = {isa = PBXFileReference; lastKnownFileType = sourcecode.swift; path = AppDelegate.swift; sourceTree = "<group>"; };
		4EC5EE6323614314004EAD91 /* SceneDelegate.swift */ = {isa = PBXFileReference; lastKnownFileType = sourcecode.swift; path = SceneDelegate.swift; sourceTree = "<group>"; };
		4EC5EE6523614314004EAD91 /* ViewController.swift */ = {isa = PBXFileReference; lastKnownFileType = sourcecode.swift; path = ViewController.swift; sourceTree = "<group>"; };
		4EC5EE6823614314004EAD91 /* Base */ = {isa = PBXFileReference; lastKnownFileType = file.storyboard; name = Base; path = Base.lproj/Main.storyboard; sourceTree = "<group>"; };
		4EC5EE6A23614315004EAD91 /* Assets.xcassets */ = {isa = PBXFileReference; lastKnownFileType = folder.assetcatalog; path = Assets.xcassets; sourceTree = "<group>"; };
		4EC5EE6D23614315004EAD91 /* Base */ = {isa = PBXFileReference; lastKnownFileType = file.storyboard; name = Base; path = Base.lproj/LaunchScreen.storyboard; sourceTree = "<group>"; };
		4EC5EE6F23614315004EAD91 /* Info.plist */ = {isa = PBXFileReference; lastKnownFileType = text.plist.xml; path = Info.plist; sourceTree = "<group>"; };
		4EC5EE7423614315004EAD91 /* 08-正则表达式的学习Tests.xctest */ = {isa = PBXFileReference; explicitFileType = wrapper.cfbundle; includeInIndex = 0; path = "08-正则表达式的学习Tests.xctest"; sourceTree = BUILT_PRODUCTS_DIR; };
		4EC5EE7823614315004EAD91 /* _8_________Tests.swift */ = {isa = PBXFileReference; lastKnownFileType = sourcecode.swift; path = "_8_________Tests.swift"; sourceTree = "<group>"; };
		4EC5EE7A23614315004EAD91 /* Info.plist */ = {isa = PBXFileReference; lastKnownFileType = text.plist.xml; path = Info.plist; sourceTree = "<group>"; };
		4EC5EE7F23614315004EAD91 /* 08-正则表达式的学习UITests.xctest */ = {isa = PBXFileReference; explicitFileType = wrapper.cfbundle; includeInIndex = 0; path = "08-正则表达式的学习UITests.xctest"; sourceTree = BUILT_PRODUCTS_DIR; };
		4EC5EE8323614315004EAD91 /* _8_________UITests.swift */ = {isa = PBXFileReference; lastKnownFileType = sourcecode.swift; path = "_8_________UITests.swift"; sourceTree = "<group>"; };
		4EC5EE8523614315004EAD91 /* Info.plist */ = {isa = PBXFileReference; lastKnownFileType = text.plist.xml; path = Info.plist; sourceTree = "<group>"; };
		4EC5EED323617D1A004EAD91 /* EmoticaonController.swift */ = {isa = PBXFileReference; fileEncoding = 4; lastKnownFileType = sourcecode.swift; path = EmoticaonController.swift; sourceTree = "<group>"; };
		4EC5EED423617D1A004EAD91 /* EmoticonAttachment.swift */ = {isa = PBXFileReference; fileEncoding = 4; lastKnownFileType = sourcecode.swift; path = EmoticonAttachment.swift; sourceTree = "<group>"; };
		4EC5EED523617D1A004EAD91 /* EmoticonViewCell.swift */ = {isa = PBXFileReference; fileEncoding = 4; lastKnownFileType = sourcecode.swift; path = EmoticonViewCell.swift; sourceTree = "<group>"; };
		4EC5EED723617D1A004EAD91 /* Emoticon.swift */ = {isa = PBXFileReference; fileEncoding = 4; lastKnownFileType = sourcecode.swift; path = Emoticon.swift; sourceTree = "<group>"; };
		4EC5EED823617D1A004EAD91 /* EmoticonPackage.swift */ = {isa = PBXFileReference; fileEncoding = 4; lastKnownFileType = sourcecode.swift; path = EmoticonPackage.swift; sourceTree = "<group>"; };
		4EC5EED923617D1A004EAD91 /* Emoticons.bundle */ = {isa = PBXFileReference; lastKnownFileType = "wrapper.plug-in"; path = Emoticons.bundle; sourceTree = "<group>"; };
		4EC5EEDA23617D1A004EAD91 /* EmoticonManager.swift */ = {isa = PBXFileReference; fileEncoding = 4; lastKnownFileType = sourcecode.swift; path = EmoticonManager.swift; sourceTree = "<group>"; };
		4EC5EEDB23617D1A004EAD91 /* UITextView+Extension.swift */ = {isa = PBXFileReference; fileEncoding = 4; lastKnownFileType = sourcecode.swift; path = "UITextView+Extension.swift"; sourceTree = "<group>"; };
		4EC5EEE423618552004EAD91 /* FindEmoticon.swift */ = {isa = PBXFileReference; lastKnownFileType = sourcecode.swift; path = FindEmoticon.swift; sourceTree = "<group>"; };
/* End PBXFileReference section */

/* Begin PBXFrameworksBuildPhase section */
		4EC5EE5B23614314004EAD91 /* Frameworks */ = {
			isa = PBXFrameworksBuildPhase;
			buildActionMask = 2147483647;
			files = (
			);
			runOnlyForDeploymentPostprocessing = 0;
		};
		4EC5EE7123614315004EAD91 /* Frameworks */ = {
			isa = PBXFrameworksBuildPhase;
			buildActionMask = 2147483647;
			files = (
			);
			runOnlyForDeploymentPostprocessing = 0;
		};
		4EC5EE7C23614315004EAD91 /* Frameworks */ = {
			isa = PBXFrameworksBuildPhase;
			buildActionMask = 2147483647;
			files = (
			);
			runOnlyForDeploymentPostprocessing = 0;
		};
/* End PBXFrameworksBuildPhase section */

/* Begin PBXGroup section */
		4EC5EE5523614314004EAD91 = {
			isa = PBXGroup;
			children = (
				4EC5EE6023614314004EAD91 /* 08-正则表达式的学习 */,
				4EC5EE7723614315004EAD91 /* 08-正则表达式的学习Tests */,
				4EC5EE8223614315004EAD91 /* 08-正则表达式的学习UITests */,
				4EC5EE5F23614314004EAD91 /* Products */,
			);
			sourceTree = "<group>";
		};
		4EC5EE5F23614314004EAD91 /* Products */ = {
			isa = PBXGroup;
			children = (
				4EC5EE5E23614314004EAD91 /* 08-正则表达式的学习.app */,
				4EC5EE7423614315004EAD91 /* 08-正则表达式的学习Tests.xctest */,
				4EC5EE7F23614315004EAD91 /* 08-正则表达式的学习UITests.xctest */,
			);
			name = Products;
			sourceTree = "<group>";
		};
		4EC5EE6023614314004EAD91 /* 08-正则表达式的学习 */ = {
			isa = PBXGroup;
			children = (
				4EC5EED223617D1A004EAD91 /* Emoticon */,
				4EC5EE6123614314004EAD91 /* AppDelegate.swift */,
				4EC5EE6323614314004EAD91 /* SceneDelegate.swift */,
				4EC5EE6523614314004EAD91 /* ViewController.swift */,
				4EC5EE6723614314004EAD91 /* Main.storyboard */,
				4EC5EE6A23614315004EAD91 /* Assets.xcassets */,
				4EC5EE6C23614315004EAD91 /* LaunchScreen.storyboard */,
				4EC5EE6F23614315004EAD91 /* Info.plist */,
			);
			path = "08-正则表达式的学习";
			sourceTree = "<group>";
		};
		4EC5EE7723614315004EAD91 /* 08-正则表达式的学习Tests */ = {
			isa = PBXGroup;
			children = (
				4EC5EE7823614315004EAD91 /* _8_________Tests.swift */,
				4EC5EE7A23614315004EAD91 /* Info.plist */,
			);
			path = "08-正则表达式的学习Tests";
			sourceTree = "<group>";
		};
		4EC5EE8223614315004EAD91 /* 08-正则表达式的学习UITests */ = {
			isa = PBXGroup;
			children = (
				4EC5EE8323614315004EAD91 /* _8_________UITests.swift */,
				4EC5EE8523614315004EAD91 /* Info.plist */,
			);
			path = "08-正则表达式的学习UITests";
			sourceTree = "<group>";
		};
		4EC5EED223617D1A004EAD91 /* Emoticon */ = {
			isa = PBXGroup;
			children = (
				4EC5EED323617D1A004EAD91 /* EmoticaonController.swift */,
				4EC5EED423617D1A004EAD91 /* EmoticonAttachment.swift */,
				4EC5EED523617D1A004EAD91 /* EmoticonViewCell.swift */,
				4EC5EED623617D1A004EAD91 /* Model */,
				4EC5EEDB23617D1A004EAD91 /* UITextView+Extension.swift */,
				4EC5EEE423618552004EAD91 /* FindEmoticon.swift */,
			);
			path = Emoticon;
			sourceTree = "<group>";
		};
		4EC5EED623617D1A004EAD91 /* Model */ = {
			isa = PBXGroup;
			children = (
				4EC5EED723617D1A004EAD91 /* Emoticon.swift */,
				4EC5EED823617D1A004EAD91 /* EmoticonPackage.swift */,
				4EC5EED923617D1A004EAD91 /* Emoticons.bundle */,
				4EC5EEDA23617D1A004EAD91 /* EmoticonManager.swift */,
			);
			path = Model;
			sourceTree = "<group>";
		};
/* End PBXGroup section */

/* Begin PBXNativeTarget section */
		4EC5EE5D23614314004EAD91 /* 08-正则表达式的学习 */ = {
			isa = PBXNativeTarget;
			buildConfigurationList = 4EC5EE8823614315004EAD91 /* Build configuration list for PBXNativeTarget "08-正则表达式的学习" */;
			buildPhases = (
				4EC5EE5A23614314004EAD91 /* Sources */,
				4EC5EE5B23614314004EAD91 /* Frameworks */,
				4EC5EE5C23614314004EAD91 /* Resources */,
			);
			buildRules = (
			);
			dependencies = (
			);
			name = "08-正则表达式的学习";
			productName = "08-正则表达式的学习";
			productReference = 4EC5EE5E23614314004EAD91 /* 08-正则表达式的学习.app */;
			productType = "com.apple.product-type.application";
		};
		4EC5EE7323614315004EAD91 /* 08-正则表达式的学习Tests */ = {
			isa = PBXNativeTarget;
			buildConfigurationList = 4EC5EE8B23614315004EAD91 /* Build configuration list for PBXNativeTarget "08-正则表达式的学习Tests" */;
			buildPhases = (
				4EC5EE7023614315004EAD91 /* Sources */,
				4EC5EE7123614315004EAD91 /* Frameworks */,
				4EC5EE7223614315004EAD91 /* Resources */,
			);
			buildRules = (
			);
			dependencies = (
				4EC5EE7623614315004EAD91 /* PBXTargetDependency */,
			);
			name = "08-正则表达式的学习Tests";
			productName = "08-正则表达式的学习Tests";
			productReference = 4EC5EE7423614315004EAD91 /* 08-正则表达式的学习Tests.xctest */;
			productType = "com.apple.product-type.bundle.unit-test";
		};
		4EC5EE7E23614315004EAD91 /* 08-正则表达式的学习UITests */ = {
			isa = PBXNativeTarget;
			buildConfigurationList = 4EC5EE8E23614315004EAD91 /* Build configuration list for PBXNativeTarget "08-正则表达式的学习UITests" */;
			buildPhases = (
				4EC5EE7B23614315004EAD91 /* Sources */,
				4EC5EE7C23614315004EAD91 /* Frameworks */,
				4EC5EE7D23614315004EAD91 /* Resources */,
			);
			buildRules = (
			);
			dependencies = (
				4EC5EE8123614315004EAD91 /* PBXTargetDependency */,
			);
			name = "08-正则表达式的学习UITests";
			productName = "08-正则表达式的学习UITests";
			productReference = 4EC5EE7F23614315004EAD91 /* 08-正则表达式的学习UITests.xctest */;
			productType = "com.apple.product-type.bundle.ui-testing";
		};
/* End PBXNativeTarget section */

/* Begin PBXProject section */
		4EC5EE5623614314004EAD91 /* Project object */ = {
			isa = PBXProject;
			attributes = {
				LastSwiftUpdateCheck = 1110;
				LastUpgradeCheck = 1110;
				ORGANIZATIONNAME = "单车";
				TargetAttributes = {
					4EC5EE5D23614314004EAD91 = {
						CreatedOnToolsVersion = 11.1;
					};
					4EC5EE7323614315004EAD91 = {
						CreatedOnToolsVersion = 11.1;
						TestTargetID = 4EC5EE5D23614314004EAD91;
					};
					4EC5EE7E23614315004EAD91 = {
						CreatedOnToolsVersion = 11.1;
						TestTargetID = 4EC5EE5D23614314004EAD91;
					};
				};
			};
			buildConfigurationList = 4EC5EE5923614314004EAD91 /* Build configuration list for PBXProject "08-正则表达式的学习" */;
			compatibilityVersion = "Xcode 9.3";
			developmentRegion = en;
			hasScannedForEncodings = 0;
			knownRegions = (
				en,
				Base,
			);
			mainGroup = 4EC5EE5523614314004EAD91;
			productRefGroup = 4EC5EE5F23614314004EAD91 /* Products */;
			projectDirPath = "";
			projectRoot = "";
			targets = (
				4EC5EE5D23614314004EAD91 /* 08-正则表达式的学习 */,
				4EC5EE7323614315004EAD91 /* 08-正则表达式的学习Tests */,
				4EC5EE7E23614315004EAD91 /* 08-正则表达式的学习UITests */,
			);
		};
/* End PBXProject section */

/* Begin PBXResourcesBuildPhase section */
		4EC5EE5C23614314004EAD91 /* Resources */ = {
			isa = PBXResourcesBuildPhase;
			buildActionMask = 2147483647;
			files = (
				4EC5EE6E23614315004EAD91 /* LaunchScreen.storyboard in Resources */,
				4EC5EEE123617D1B004EAD91 /* Emoticons.bundle in Resources */,
				4EC5EE6B23614315004EAD91 /* Assets.xcassets in Resources */,
				4EC5EE6923614314004EAD91 /* Main.storyboard in Resources */,
			);
			runOnlyForDeploymentPostprocessing = 0;
		};
		4EC5EE7223614315004EAD91 /* Resources */ = {
			isa = PBXResourcesBuildPhase;
			buildActionMask = 2147483647;
			files = (
			);
			runOnlyForDeploymentPostprocessing = 0;
		};
		4EC5EE7D23614315004EAD91 /* Resources */ = {
			isa = PBXResourcesBuildPhase;
			buildActionMask = 2147483647;
			files = (
			);
			runOnlyForDeploymentPostprocessing = 0;
		};
/* End PBXResourcesBuildPhase section */

/* Begin PBXSourcesBuildPhase section */
		4EC5EE5A23614314004EAD91 /* Sources */ = {
			isa = PBXSourcesBuildPhase;
			buildActionMask = 2147483647;
			files = (
				4EC5EEE223617D1B004EAD91 /* EmoticonManager.swift in Sources */,
				4EC5EEDD23617D1B004EAD91 /* EmoticonAttachment.swift in Sources */,
				4EC5EE6623614314004EAD91 /* ViewController.swift in Sources */,
				4EC5EEE323617D1B004EAD91 /* UITextView+Extension.swift in Sources */,
				4EC5EEE023617D1B004EAD91 /* EmoticonPackage.swift in Sources */,
				4EC5EEDE23617D1B004EAD91 /* EmoticonViewCell.swift in Sources */,
				4EC5EE6223614314004EAD91 /* AppDelegate.swift in Sources */,
				4EC5EE6423614314004EAD91 /* SceneDelegate.swift in Sources */,
				4EC5EEDC23617D1B004EAD91 /* EmoticaonController.swift in Sources */,
				4EC5EEE523618552004EAD91 /* FindEmoticon.swift in Sources */,
				4EC5EEDF23617D1B004EAD91 /* Emoticon.swift in Sources */,
			);
			runOnlyForDeploymentPostprocessing = 0;
		};
		4EC5EE7023614315004EAD91 /* Sources */ = {
			isa = PBXSourcesBuildPhase;
			buildActionMask = 2147483647;
			files = (
				4EC5EE7923614315004EAD91 /* _8_________Tests.swift in Sources */,
			);
			runOnlyForDeploymentPostprocessing = 0;
		};
		4EC5EE7B23614315004EAD91 /* Sources */ = {
			isa = PBXSourcesBuildPhase;
			buildActionMask = 2147483647;
			files = (
				4EC5EE8423614315004EAD91 /* _8_________UITests.swift in Sources */,
			);
			runOnlyForDeploymentPostprocessing = 0;
		};
/* End PBXSourcesBuildPhase section */

/* Begin PBXTargetDependency section */
		4EC5EE7623614315004EAD91 /* PBXTargetDependency */ = {
			isa = PBXTargetDependency;
			target = 4EC5EE5D23614314004EAD91 /* 08-正则表达式的学习 */;
			targetProxy = 4EC5EE7523614315004EAD91 /* PBXContainerItemProxy */;
		};
		4EC5EE8123614315004EAD91 /* PBXTargetDependency */ = {
			isa = PBXTargetDependency;
			target = 4EC5EE5D23614314004EAD91 /* 08-正则表达式的学习 */;
			targetProxy = 4EC5EE8023614315004EAD91 /* PBXContainerItemProxy */;
		};
/* End PBXTargetDependency section */

/* Begin PBXVariantGroup section */
		4EC5EE6723614314004EAD91 /* Main.storyboard */ = {
			isa = PBXVariantGroup;
			children = (
				4EC5EE6823614314004EAD91 /* Base */,
			);
			name = Main.storyboard;
			sourceTree = "<group>";
		};
		4EC5EE6C23614315004EAD91 /* LaunchScreen.storyboard */ = {
			isa = PBXVariantGroup;
			children = (
				4EC5EE6D23614315004EAD91 /* Base */,
			);
			name = LaunchScreen.storyboard;
			sourceTree = "<group>";
		};
/* End PBXVariantGroup section */

/* Begin XCBuildConfiguration section */
		4EC5EE8623614315004EAD91 /* Debug */ = {
			isa = XCBuildConfiguration;
			buildSettings = {
				ALWAYS_SEARCH_USER_PATHS = NO;
				CLANG_ANALYZER_NONNULL = YES;
				CLANG_ANALYZER_NUMBER_OBJECT_CONVERSION = YES_AGGRESSIVE;
				CLANG_CXX_LANGUAGE_STANDARD = "gnu++14";
				CLANG_CXX_LIBRARY = "libc++";
				CLANG_ENABLE_MODULES = YES;
				CLANG_ENABLE_OBJC_ARC = YES;
				CLANG_ENABLE_OBJC_WEAK = YES;
				CLANG_WARN_BLOCK_CAPTURE_AUTORELEASING = YES;
				CLANG_WARN_BOOL_CONVERSION = YES;
				CLANG_WARN_COMMA = YES;
				CLANG_WARN_CONSTANT_CONVERSION = YES;
				CLANG_WARN_DEPRECATED_OBJC_IMPLEMENTATIONS = YES;
				CLANG_WARN_DIRECT_OBJC_ISA_USAGE = YES_ERROR;
				CLANG_WARN_DOCUMENTATION_COMMENTS = YES;
				CLANG_WARN_EMPTY_BODY = YES;
				CLANG_WARN_ENUM_CONVERSION = YES;
				CLANG_WARN_INFINITE_RECURSION = YES;
				CLANG_WARN_INT_CONVERSION = YES;
				CLANG_WARN_NON_LITERAL_NULL_CONVERSION = YES;
				CLANG_WARN_OBJC_IMPLICIT_RETAIN_SELF = YES;
				CLANG_WARN_OBJC_LITERAL_CONVERSION = YES;
				CLANG_WARN_OBJC_ROOT_CLASS = YES_ERROR;
				CLANG_WARN_RANGE_LOOP_ANALYSIS = YES;
				CLANG_WARN_STRICT_PROTOTYPES = YES;
				CLANG_WARN_SUSPICIOUS_MOVE = YES;
				CLANG_WARN_UNGUARDED_AVAILABILITY = YES_AGGRESSIVE;
				CLANG_WARN_UNREACHABLE_CODE = YES;
				CLANG_WARN__DUPLICATE_METHOD_MATCH = YES;
				COPY_PHASE_STRIP = NO;
				DEBUG_INFORMATION_FORMAT = dwarf;
				ENABLE_STRICT_OBJC_MSGSEND = YES;
				ENABLE_TESTABILITY = YES;
				GCC_C_LANGUAGE_STANDARD = gnu11;
				GCC_DYNAMIC_NO_PIC = NO;
				GCC_NO_COMMON_BLOCKS = YES;
				GCC_OPTIMIZATION_LEVEL = 0;
				GCC_PREPROCESSOR_DEFINITIONS = (
					"DEBUG=1",
					"$(inherited)",
				);
				GCC_WARN_64_TO_32_BIT_CONVERSION = YES;
				GCC_WARN_ABOUT_RETURN_TYPE = YES_ERROR;
				GCC_WARN_UNDECLARED_SELECTOR = YES;
				GCC_WARN_UNINITIALIZED_AUTOS = YES_AGGRESSIVE;
				GCC_WARN_UNUSED_FUNCTION = YES;
				GCC_WARN_UNUSED_VARIABLE = YES;
				IPHONEOS_DEPLOYMENT_TARGET = 13.1;
				MTL_ENABLE_DEBUG_INFO = INCLUDE_SOURCE;
				MTL_FAST_MATH = YES;
				ONLY_ACTIVE_ARCH = YES;
				SDKROOT = iphoneos;
				SWIFT_ACTIVE_COMPILATION_CONDITIONS = DEBUG;
				SWIFT_OPTIMIZATION_LEVEL = "-Onone";
			};
			name = Debug;
		};
		4EC5EE8723614315004EAD91 /* Release */ = {
			isa = XCBuildConfiguration;
			buildSettings = {
				ALWAYS_SEARCH_USER_PATHS = NO;
				CLANG_ANALYZER_NONNULL = YES;
				CLANG_ANALYZER_NUMBER_OBJECT_CONVERSION = YES_AGGRESSIVE;
				CLANG_CXX_LANGUAGE_STANDARD = "gnu++14";
				CLANG_CXX_LIBRARY = "libc++";
				CLANG_ENABLE_MODULES = YES;
				CLANG_ENABLE_OBJC_ARC = YES;
				CLANG_ENABLE_OBJC_WEAK = YES;
				CLANG_WARN_BLOCK_CAPTURE_AUTORELEASING = YES;
				CLANG_WARN_BOOL_CONVERSION = YES;
				CLANG_WARN_COMMA = YES;
				CLANG_WARN_CONSTANT_CONVERSION = YES;
				CLANG_WARN_DEPRECATED_OBJC_IMPLEMENTATIONS = YES;
				CLANG_WARN_DIRECT_OBJC_ISA_USAGE = YES_ERROR;
				CLANG_WARN_DOCUMENTATION_COMMENTS = YES;
				CLANG_WARN_EMPTY_BODY = YES;
				CLANG_WARN_ENUM_CONVERSION = YES;
				CLANG_WARN_INFINITE_RECURSION = YES;
				CLANG_WARN_INT_CONVERSION = YES;
				CLANG_WARN_NON_LITERAL_NULL_CONVERSION = YES;
				CLANG_WARN_OBJC_IMPLICIT_RETAIN_SELF = YES;
				CLANG_WARN_OBJC_LITERAL_CONVERSION = YES;
				CLANG_WARN_OBJC_ROOT_CLASS = YES_ERROR;
				CLANG_WARN_RANGE_LOOP_ANALYSIS = YES;
				CLANG_WARN_STRICT_PROTOTYPES = YES;
				CLANG_WARN_SUSPICIOUS_MOVE = YES;
				CLANG_WARN_UNGUARDED_AVAILABILITY = YES_AGGRESSIVE;
				CLANG_WARN_UNREACHABLE_CODE = YES;
				CLANG_WARN__DUPLICATE_METHOD_MATCH = YES;
				COPY_PHASE_STRIP = NO;
				DEBUG_INFORMATION_FORMAT = "dwarf-with-dsym";
				ENABLE_NS_ASSERTIONS = NO;
				ENABLE_STRICT_OBJC_MSGSEND = YES;
				GCC_C_LANGUAGE_STANDARD = gnu11;
				GCC_NO_COMMON_BLOCKS = YES;
				GCC_WARN_64_TO_32_BIT_CONVERSION = YES;
				GCC_WARN_ABOUT_RETURN_TYPE = YES_ERROR;
				GCC_WARN_UNDECLARED_SELECTOR = YES;
				GCC_WARN_UNINITIALIZED_AUTOS = YES_AGGRESSIVE;
				GCC_WARN_UNUSED_FUNCTION = YES;
				GCC_WARN_UNUSED_VARIABLE = YES;
				IPHONEOS_DEPLOYMENT_TARGET = 13.1;
				MTL_ENABLE_DEBUG_INFO = NO;
				MTL_FAST_MATH = YES;
				SDKROOT = iphoneos;
				SWIFT_COMPILATION_MODE = wholemodule;
				SWIFT_OPTIMIZATION_LEVEL = "-O";
				VALIDATE_PRODUCT = YES;
			};
			name = Release;
		};
		4EC5EE8923614315004EAD91 /* Debug */ = {
			isa = XCBuildConfiguration;
			buildSettings = {
				ASSETCATALOG_COMPILER_APPICON_NAME = AppIcon;
				CODE_SIGN_STYLE = Automatic;
				INFOPLIST_FILE = "08-正则表达式的学习/Info.plist";
				LD_RUNPATH_SEARCH_PATHS = (
					"$(inherited)",
					"@executable_path/Frameworks",
				);
				PRODUCT_BUNDLE_IDENTIFIER = "com.danche.aaa.-8---------";
				PRODUCT_NAME = "$(TARGET_NAME)";
				SWIFT_VERSION = 5.0;
				TARGETED_DEVICE_FAMILY = "1,2";
			};
			name = Debug;
		};
		4EC5EE8A23614315004EAD91 /* Release */ = {
			isa = XCBuildConfiguration;
			buildSettings = {
				ASSETCATALOG_COMPILER_APPICON_NAME = AppIcon;
				CODE_SIGN_STYLE = Automatic;
				INFOPLIST_FILE = "08-正则表达式的学习/Info.plist";
				LD_RUNPATH_SEARCH_PATHS = (
					"$(inherited)",
					"@executable_path/Frameworks",
				);
				PRODUCT_BUNDLE_IDENTIFIER = "com.danche.aaa.-8---------";
				PRODUCT_NAME = "$(TARGET_NAME)";
				SWIFT_VERSION = 5.0;
				TARGETED_DEVICE_FAMILY = "1,2";
			};
			name = Release;
		};
		4EC5EE8C23614315004EAD91 /* Debug */ = {
			isa = XCBuildConfiguration;
			buildSettings = {
				ALWAYS_EMBED_SWIFT_STANDARD_LIBRARIES = YES;
				BUNDLE_LOADER = "$(TEST_HOST)";
				CODE_SIGN_STYLE = Automatic;
				INFOPLIST_FILE = "08-正则表达式的学习Tests/Info.plist";
				IPHONEOS_DEPLOYMENT_TARGET = 13.1;
				LD_RUNPATH_SEARCH_PATHS = (
					"$(inherited)",
					"@executable_path/Frameworks",
					"@loader_path/Frameworks",
				);
				PRODUCT_BUNDLE_IDENTIFIER = "com.danche.aaa.-8---------Tests";
				PRODUCT_NAME = "$(TARGET_NAME)";
				SWIFT_VERSION = 5.0;
				TARGETED_DEVICE_FAMILY = "1,2";
				TEST_HOST = "$(BUILT_PRODUCTS_DIR)/08-正则表达式的学习.app/08-正则表达式的学习";
			};
			name = Debug;
		};
		4EC5EE8D23614315004EAD91 /* Release */ = {
			isa = XCBuildConfiguration;
			buildSettings = {
				ALWAYS_EMBED_SWIFT_STANDARD_LIBRARIES = YES;
				BUNDLE_LOADER = "$(TEST_HOST)";
				CODE_SIGN_STYLE = Automatic;
				INFOPLIST_FILE = "08-正则表达式的学习Tests/Info.plist";
				IPHONEOS_DEPLOYMENT_TARGET = 13.1;
				LD_RUNPATH_SEARCH_PATHS = (
					"$(inherited)",
					"@executable_path/Frameworks",
					"@loader_path/Frameworks",
				);
				PRODUCT_BUNDLE_IDENTIFIER = "com.danche.aaa.-8---------Tests";
				PRODUCT_NAME = "$(TARGET_NAME)";
				SWIFT_VERSION = 5.0;
				TARGETED_DEVICE_FAMILY = "1,2";
				TEST_HOST = "$(BUILT_PRODUCTS_DIR)/08-正则表达式的学习.app/08-正则表达式的学习";
			};
			name = Release;
		};
		4EC5EE8F23614315004EAD91 /* Debug */ = {
			isa = XCBuildConfiguration;
			buildSettings = {
				ALWAYS_EMBED_SWIFT_STANDARD_LIBRARIES = YES;
				CODE_SIGN_STYLE = Automatic;
				INFOPLIST_FILE = "08-正则表达式的学习UITests/Info.plist";
				LD_RUNPATH_SEARCH_PATHS = (
					"$(inherited)",
					"@executable_path/Frameworks",
					"@loader_path/Frameworks",
				);
				PRODUCT_BUNDLE_IDENTIFIER = "com.danche.aaa.-8---------UITests";
				PRODUCT_NAME = "$(TARGET_NAME)";
				SWIFT_VERSION = 5.0;
				TARGETED_DEVICE_FAMILY = "1,2";
				TEST_TARGET_NAME = "08-正则表达式的学习";
			};
			name = Debug;
		};
		4EC5EE9023614315004EAD91 /* Release */ = {
			isa = XCBuildConfiguration;
			buildSettings = {
				ALWAYS_EMBED_SWIFT_STANDARD_LIBRARIES = YES;
				CODE_SIGN_STYLE = Automatic;
				INFOPLIST_FILE = "08-正则表达式的学习UITests/Info.plist";
				LD_RUNPATH_SEARCH_PATHS = (
					"$(inherited)",
					"@executable_path/Frameworks",
					"@loader_path/Frameworks",
				);
				PRODUCT_BUNDLE_IDENTIFIER = "com.danche.aaa.-8---------UITests";
				PRODUCT_NAME = "$(TARGET_NAME)";
				SWIFT_VERSION = 5.0;
				TARGETED_DEVICE_FAMILY = "1,2";
				TEST_TARGET_NAME = "08-正则表达式的学习";
			};
			name = Release;
		};
/* End XCBuildConfiguration section */

/* Begin XCConfigurationList section */
		4EC5EE5923614314004EAD91 /* Build configuration list for PBXProject "08-正则表达式的学习" */ = {
			isa = XCConfigurationList;
			buildConfigurations = (
				4EC5EE8623614315004EAD91 /* Debug */,
				4EC5EE8723614315004EAD91 /* Release */,
			);
			defaultConfigurationIsVisible = 0;
			defaultConfigurationName = Release;
		};
		4EC5EE8823614315004EAD91 /* Build configuration list for PBXNativeTarget "08-正则表达式的学习" */ = {
			isa = XCConfigurationList;
			buildConfigurations = (
				4EC5EE8923614315004EAD91 /* Debug */,
				4EC5EE8A23614315004EAD91 /* Release */,
			);
			defaultConfigurationIsVisible = 0;
			defaultConfigurationName = Release;
		};
		4EC5EE8B23614315004EAD91 /* Build configuration list for PBXNativeTarget "08-正则表达式的学习Tests" */ = {
			isa = XCConfigurationList;
			buildConfigurations = (
				4EC5EE8C23614315004EAD91 /* Debug */,
				4EC5EE8D23614315004EAD91 /* Release */,
			);
			defaultConfigurationIsVisible = 0;
			defaultConfigurationName = Release;
		};
		4EC5EE8E23614315004EAD91 /* Build configuration list for PBXNativeTarget "08-正则表达式的学习UITests" */ = {
			isa = XCConfigurationList;
			buildConfigurations = (
				4EC5EE8F23614315004EAD91 /* Debug */,
				4EC5EE9023614315004EAD91 /* Release */,
			);
			defaultConfigurationIsVisible = 0;
			defaultConfigurationName = Release;
		};
/* End XCConfigurationList section */
	};
	rootObject = 4EC5EE5623614314004EAD91 /* Project object */;
}
